// !$*UTF8*$!
{
	archiveVersion = 1;
	classes = {
	};
	objectVersion = 77;
	objects = {

/* Begin PBXContainerItemProxy section */
		D433F2C52E17C75600BFB057 /* PBXContainerItemProxy */ = {
			isa = PBXContainerItemProxy;
			containerPortal = D433F2AF2E17C75300BFB057 /* Project object */;
			proxyType = 1;
			remoteGlobalIDString = D433F2B62E17C75300BFB057;
			remoteInfo = newMusicShare3.0;
		};
		D433F2CF2E17C75600BFB057 /* PBXContainerItemProxy */ = {
			isa = PBXContainerItemProxy;
			containerPortal = D433F2AF2E17C75300BFB057 /* Project object */;
			proxyType = 1;
			remoteGlobalIDString = D433F2B62E17C75300BFB057;
			remoteInfo = newMusicShare3.0;
		};
/* End PBXContainerItemProxy section */

/* Begin PBXFileReference section */
		D433F2B72E17C75300BFB057 /* Music Info Getter.app */ = {isa = PBXFileReference; explicitFileType = wrapper.application; includeInIndex = 0; path = "Music Info Getter.app"; sourceTree = BUILT_PRODUCTS_DIR; };
		D433F2C42E17C75600BFB057 /* Music Info GetterTests.xctest */ = {isa = PBXFileReference; explicitFileType = wrapper.cfbundle; includeInIndex = 0; path = "Music Info GetterTests.xctest"; sourceTree = BUILT_PRODUCTS_DIR; };
		D433F2CE2E17C75600BFB057 /* Music Info GetterUITests.xctest */ = {isa = PBXFileReference; explicitFileType = wrapper.cfbundle; includeInIndex = 0; path = "Music Info GetterUITests.xctest"; sourceTree = BUILT_PRODUCTS_DIR; };
/* End PBXFileReference section */

/* Begin PBXFileSystemSynchronizedRootGroup section */
		D433F2B92E17C75300BFB057 /* newMusicShare3.0 */ = {
			isa = PBXFileSystemSynchronizedRootGroup;
			path = newMusicShare3.0;
			sourceTree = "<group>";
		};
		D433F2C72E17C75600BFB057 /* newMusicShare3.0Tests */ = {
			isa = PBXFileSystemSynchronizedRootGroup;
			path = newMusicShare3.0Tests;
			sourceTree = "<group>";
		};
		D433F2D12E17C75600BFB057 /* newMusicShare3.0UITests */ = {
			isa = PBXFileSystemSynchronizedRootGroup;
			path = newMusicShare3.0UITests;
			sourceTree = "<group>";
		};
/* End PBXFileSystemSynchronizedRootGroup section */

/* Begin PBXFrameworksBuildPhase section */
		D433F2B42E17C75300BFB057 /* Frameworks */ = {
			isa = PBXFrameworksBuildPhase;
			buildActionMask = 2147483647;
			files = (
			);
			runOnlyForDeploymentPostprocessing = 0;
		};
		D433F2C12E17C75600BFB057 /* Frameworks */ = {
			isa = PBXFrameworksBuildPhase;
			buildActionMask = 2147483647;
			files = (
			);
			runOnlyForDeploymentPostprocessing = 0;
		};
		D433F2CB2E17C75600BFB057 /* Frameworks */ = {
			isa = PBXFrameworksBuildPhase;
			buildActionMask = 2147483647;
			files = (
			);
			runOnlyForDeploymentPostprocessing = 0;
		};
/* End PBXFrameworksBuildPhase section */

/* Begin PBXGroup section */
		D433F2AE2E17C75300BFB057 = {
			isa = PBXGroup;
			children = (
				D433F2B92E17C75300BFB057 /* newMusicShare3.0 */,
				D433F2C72E17C75600BFB057 /* newMusicShare3.0Tests */,
				D433F2D12E17C75600BFB057 /* newMusicShare3.0UITests */,
				D433F2B82E17C75300BFB057 /* Products */,
			);
			sourceTree = "<group>";
		};
		D433F2B82E17C75300BFB057 /* Products */ = {
			isa = PBXGroup;
			children = (
				D433F2B72E17C75300BFB057 /* Music Info Getter.app */,
				D433F2C42E17C75600BFB057 /* Music Info GetterTests.xctest */,
				D433F2CE2E17C75600BFB057 /* Music Info GetterUITests.xctest */,
			);
			name = Products;
			sourceTree = "<group>";
		};
/* End PBXGroup section */

/* Begin PBXNativeTarget section */
		D433F2B62E17C75300BFB057 /* Music Info Getter */ = {
			isa = PBXNativeTarget;
			buildConfigurationList = D433F2D82E17C75600BFB057 /* Build configuration list for PBXNativeTarget "Music Info Getter" */;
			buildPhases = (
				D433F2B32E17C75300BFB057 /* Sources */,
				D433F2B42E17C75300BFB057 /* Frameworks */,
				D433F2B52E17C75300BFB057 /* Resources */,
			);
			buildRules = (
			);
			dependencies = (
			);
			fileSystemSynchronizedGroups = (
				D433F2B92E17C75300BFB057 /* newMusicShare3.0 */,
			);
			name = "Music Info Getter";
			packageProductDependencies = (
			);
			productName = newMusicShare3.0;
			productReference = D433F2B72E17C75300BFB057 /* Music Info Getter.app */;
			productType = "com.apple.product-type.application";
		};
		D433F2C32E17C75600BFB057 /* Music Info GetterTests */ = {
			isa = PBXNativeTarget;
			buildConfigurationList = D433F2DB2E17C75600BFB057 /* Build configuration list for PBXNativeTarget "Music Info GetterTests" */;
			buildPhases = (
				D433F2C02E17C75600BFB057 /* Sources */,
				D433F2C12E17C75600BFB057 /* Frameworks */,
				D433F2C22E17C75600BFB057 /* Resources */,
			);
			buildRules = (
			);
			dependencies = (
				D433F2C62E17C75600BFB057 /* PBXTargetDependency */,
			);
			fileSystemSynchronizedGroups = (
				D433F2C72E17C75600BFB057 /* newMusicShare3.0Tests */,
			);
			name = "Music Info GetterTests";
			packageProductDependencies = (
			);
			productName = newMusicShare3.0Tests;
			productReference = D433F2C42E17C75600BFB057 /* Music Info GetterTests.xctest */;
			productType = "com.apple.product-type.bundle.unit-test";
		};
		D433F2CD2E17C75600BFB057 /* Music Info GetterUITests */ = {
			isa = PBXNativeTarget;
			buildConfigurationList = D433F2DE2E17C75600BFB057 /* Build configuration list for PBXNativeTarget "Music Info GetterUITests" */;
			buildPhases = (
				D433F2CA2E17C75600BFB057 /* Sources */,
				D433F2CB2E17C75600BFB057 /* Frameworks */,
				D433F2CC2E17C75600BFB057 /* Resources */,
			);
			buildRules = (
			);
			dependencies = (
				D433F2D02E17C75600BFB057 /* PBXTargetDependency */,
			);
			fileSystemSynchronizedGroups = (
				D433F2D12E17C75600BFB057 /* newMusicShare3.0UITests */,
			);
			name = "Music Info GetterUITests";
			packageProductDependencies = (
			);
			productName = newMusicShare3.0UITests;
			productReference = D433F2CE2E17C75600BFB057 /* Music Info GetterUITests.xctest */;
			productType = "com.apple.product-type.bundle.ui-testing";
		};
/* End PBXNativeTarget section */

/* Begin PBXProject section */
		D433F2AF2E17C75300BFB057 /* Project object */ = {
			isa = PBXProject;
			attributes = {
				BuildIndependentTargetsInParallel = 1;
				LastSwiftUpdateCheck = 1640;
				LastUpgradeCheck = 1640;
				TargetAttributes = {
					D433F2B62E17C75300BFB057 = {
						CreatedOnToolsVersion = 16.4;
					};
					D433F2C32E17C75600BFB057 = {
						CreatedOnToolsVersion = 16.4;
						TestTargetID = D433F2B62E17C75300BFB057;
					};
					D433F2CD2E17C75600BFB057 = {
						CreatedOnToolsVersion = 16.4;
						TestTargetID = D433F2B62E17C75300BFB057;
					};
				};
			};
			buildConfigurationList = D433F2B22E17C75300BFB057 /* Build configuration list for PBXProject "Music Info Getter" */;
			developmentRegion = en;
			hasScannedForEncodings = 0;
			knownRegions = (
				en,
				Base,
			);
			mainGroup = D433F2AE2E17C75300BFB057;
			minimizedProjectReferenceProxies = 1;
			preferredProjectObjectVersion = 77;
			productRefGroup = D433F2B82E17C75300BFB057 /* Products */;
			projectDirPath = "";
			projectRoot = "";
			targets = (
				D433F2B62E17C75300BFB057 /* Music Info Getter */,
				D433F2C32E17C75600BFB057 /* Music Info GetterTests */,
				D433F2CD2E17C75600BFB057 /* Music Info GetterUITests */,
			);
		};
/* End PBXProject section */

/* Begin PBXResourcesBuildPhase section */
		D433F2B52E17C75300BFB057 /* Resources */ = {
			isa = PBXResourcesBuildPhase;
			buildActionMask = 2147483647;
			files = (
			);
			runOnlyForDeploymentPostprocessing = 0;
		};
		D433F2C22E17C75600BFB057 /* Resources */ = {
			isa = PBXResourcesBuildPhase;
			buildActionMask = 2147483647;
			files = (
			);
			runOnlyForDeploymentPostprocessing = 0;
		};
		D433F2CC2E17C75600BFB057 /* Resources */ = {
			isa = PBXResourcesBuildPhase;
			buildActionMask = 2147483647;
			files = (
			);
			runOnlyForDeploymentPostprocessing = 0;
		};
/* End PBXResourcesBuildPhase section */

/* Begin PBXSourcesBuildPhase section */
		D433F2B32E17C75300BFB057 /* Sources */ = {
			isa = PBXSourcesBuildPhase;
			buildActionMask = 2147483647;
			files = (
			);
			runOnlyForDeploymentPostprocessing = 0;
		};
		D433F2C02E17C75600BFB057 /* Sources */ = {
			isa = PBXSourcesBuildPhase;
			buildActionMask = 2147483647;
			files = (
			);
			runOnlyForDeploymentPostprocessing = 0;
		};
		D433F2CA2E17C75600BFB057 /* Sources */ = {
			isa = PBXSourcesBuildPhase;
			buildActionMask = 2147483647;
			files = (
			);
			runOnlyForDeploymentPostprocessing = 0;
		};
/* End PBXSourcesBuildPhase section */

/* Begin PBXTargetDependency section */
		D433F2C62E17C75600BFB057 /* PBXTargetDependency */ = {
			isa = PBXTargetDependency;
			target = D433F2B62E17C75300BFB057 /* Music Info Getter */;
			targetProxy = D433F2C52E17C75600BFB057 /* PBXContainerItemProxy */;
		};
		D433F2D02E17C75600BFB057 /* PBXTargetDependency */ = {
			isa = PBXTargetDependency;
			target = D433F2B62E17C75300BFB057 /* Music Info Getter */;
			targetProxy = D433F2CF2E17C75600BFB057 /* PBXContainerItemProxy */;
		};
/* End PBXTargetDependency section */

/* Begin XCBuildConfiguration section */
		D433F2D62E17C75600BFB057 /* Debug */ = {
			isa = XCBuildConfiguration;
			buildSettings = {
				ALWAYS_SEARCH_USER_PATHS = NO;
				ASSETCATALOG_COMPILER_GENERATE_SWIFT_ASSET_SYMBOL_EXTENSIONS = YES;
				CLANG_ANALYZER_NONNULL = YES;
				CLANG_ANALYZER_NUMBER_OBJECT_CONVERSION = YES_AGGRESSIVE;
				CLANG_CXX_LANGUAGE_STANDARD = "gnu++20";
				CLANG_ENABLE_MODULES = YES;
				CLANG_ENABLE_OBJC_ARC = YES;
				CLANG_ENABLE_OBJC_WEAK = YES;
				CLANG_WARN_BLOCK_CAPTURE_AUTORELEASING = YES;
				CLANG_WARN_BOOL_CONVERSION = YES;
				CLANG_WARN_COMMA = YES;
				CLANG_WARN_CONSTANT_CONVERSION = YES;
				CLANG_WARN_DEPRECATED_OBJC_IMPLEMENTATIONS = YES;
				CLANG_WARN_DIRECT_OBJC_ISA_USAGE = YES_ERROR;
				CLANG_WARN_DOCUMENTATION_COMMENTS = YES;
				CLANG_WARN_EMPTY_BODY = YES;
				CLANG_WARN_ENUM_CONVERSION = YES;
				CLANG_WARN_INFINITE_RECURSION = YES;
				CLANG_WARN_INT_CONVERSION = YES;
				CLANG_WARN_NON_LITERAL_NULL_CONVERSION = YES;
				CLANG_WARN_OBJC_IMPLICIT_RETAIN_SELF = YES;
				CLANG_WARN_OBJC_LITERAL_CONVERSION = YES;
				CLANG_WARN_OBJC_ROOT_CLASS = YES_ERROR;
				CLANG_WARN_QUOTED_INCLUDE_IN_FRAMEWORK_HEADER = YES;
				CLANG_WARN_RANGE_LOOP_ANALYSIS = YES;
				CLANG_WARN_STRICT_PROTOTYPES = YES;
				CLANG_WARN_SUSPICIOUS_MOVE = YES;
				CLANG_WARN_UNGUARDED_AVAILABILITY = YES_AGGRESSIVE;
				CLANG_WARN_UNREACHABLE_CODE = YES;
				CLANG_WARN__DUPLICATE_METHOD_MATCH = YES;
				COPY_PHASE_STRIP = NO;
				DEBUG_INFORMATION_FORMAT = dwarf;
				DEVELOPMENT_TEAM = 4297RVB2QJ;
				ENABLE_STRICT_OBJC_MSGSEND = YES;
				ENABLE_TESTABILITY = YES;
				ENABLE_USER_SCRIPT_SANDBOXING = YES;
				GCC_C_LANGUAGE_STANDARD = gnu17;
				GCC_DYNAMIC_NO_PIC = NO;
				GCC_NO_COMMON_BLOCKS = YES;
				GCC_OPTIMIZATION_LEVEL = 0;
				GCC_PREPROCESSOR_DEFINITIONS = (
					"DEBUG=1",
					"$(inherited)",
				);
				GCC_WARN_64_TO_32_BIT_CONVERSION = YES;
				GCC_WARN_ABOUT_RETURN_TYPE = YES_ERROR;
				GCC_WARN_UNDECLARED_SELECTOR = YES;
				GCC_WARN_UNINITIALIZED_AUTOS = YES_AGGRESSIVE;
				GCC_WARN_UNUSED_FUNCTION = YES;
				GCC_WARN_UNUSED_VARIABLE = YES;
				IPHONEOS_DEPLOYMENT_TARGET = 18.5;
				LOCALIZATION_PREFERS_STRING_CATALOGS = YES;
				MTL_ENABLE_DEBUG_INFO = INCLUDE_SOURCE;
				MTL_FAST_MATH = YES;
				ONLY_ACTIVE_ARCH = YES;
				SDKROOT = iphoneos;
				SWIFT_ACTIVE_COMPILATION_CONDITIONS = "DEBUG $(inherited)";
				SWIFT_OPTIMIZATION_LEVEL = "-Onone";
			};
			name = Debug;
		};
		D433F2D72E17C75600BFB057 /* Release */ = {
			isa = XCBuildConfiguration;
			buildSettings = {
				ALWAYS_SEARCH_USER_PATHS = NO;
				ASSETCATALOG_COMPILER_GENERATE_SWIFT_ASSET_SYMBOL_EXTENSIONS = YES;
				CLANG_ANALYZER_NONNULL = YES;
				CLANG_ANALYZER_NUMBER_OBJECT_CONVERSION = YES_AGGRESSIVE;
				CLANG_CXX_LANGUAGE_STANDARD = "gnu++20";
				CLANG_ENABLE_MODULES = YES;
				CLANG_ENABLE_OBJC_ARC = YES;
				CLANG_ENABLE_OBJC_WEAK = YES;
				CLANG_WARN_BLOCK_CAPTURE_AUTORELEASING = YES;
				CLANG_WARN_BOOL_CONVERSION = YES;
				CLANG_WARN_COMMA = YES;
				CLANG_WARN_CONSTANT_CONVERSION = YES;
				CLANG_WARN_DEPRECATED_OBJC_IMPLEMENTATIONS = YES;
				CLANG_WARN_DIRECT_OBJC_ISA_USAGE = YES_ERROR;
				CLANG_WARN_DOCUMENTATION_COMMENTS = YES;
				CLANG_WARN_EMPTY_BODY = YES;
				CLANG_WARN_ENUM_CONVERSION = YES;
				CLANG_WARN_INFINITE_RECURSION = YES;
				CLANG_WARN_INT_CONVERSION = YES;
				CLANG_WARN_NON_LITERAL_NULL_CONVERSION = YES;
				CLANG_WARN_OBJC_IMPLICIT_RETAIN_SELF = YES;
				CLANG_WARN_OBJC_LITERAL_CONVERSION = YES;
				CLANG_WARN_OBJC_ROOT_CLASS = YES_ERROR;
				CLANG_WARN_QUOTED_INCLUDE_IN_FRAMEWORK_HEADER = YES;
				CLANG_WARN_RANGE_LOOP_ANALYSIS = YES;
				CLANG_WARN_STRICT_PROTOTYPES = YES;
				CLANG_WARN_SUSPICIOUS_MOVE = YES;
				CLANG_WARN_UNGUARDED_AVAILABILITY = YES_AGGRESSIVE;
				CLANG_WARN_UNREACHABLE_CODE = YES;
				CLANG_WARN__DUPLICATE_METHOD_MATCH = YES;
				COPY_PHASE_STRIP = NO;
				DEBUG_INFORMATION_FORMAT = "dwarf-with-dsym";
				DEVELOPMENT_TEAM = 4297RVB2QJ;
				ENABLE_NS_ASSERTIONS = NO;
				ENABLE_STRICT_OBJC_MSGSEND = YES;
				ENABLE_USER_SCRIPT_SANDBOXING = YES;
				GCC_C_LANGUAGE_STANDARD = gnu17;
				GCC_NO_COMMON_BLOCKS = YES;
				GCC_WARN_64_TO_32_BIT_CONVERSION = YES;
				GCC_WARN_ABOUT_RETURN_TYPE = YES_ERROR;
				GCC_WARN_UNDECLARED_SELECTOR = YES;
				GCC_WARN_UNINITIALIZED_AUTOS = YES_AGGRESSIVE;
				GCC_WARN_UNUSED_FUNCTION = YES;
				GCC_WARN_UNUSED_VARIABLE = YES;
				IPHONEOS_DEPLOYMENT_TARGET = 18.5;
				LOCALIZATION_PREFERS_STRING_CATALOGS = YES;
				MTL_ENABLE_DEBUG_INFO = NO;
				MTL_FAST_MATH = YES;
				SDKROOT = iphoneos;
				SWIFT_COMPILATION_MODE = wholemodule;
				VALIDATE_PRODUCT = YES;
			};
			name = Release;
		};
		D433F2D92E17C75600BFB057 /* Debug */ = {
			isa = XCBuildConfiguration;
			buildSettings = {
				ASSETCATALOG_COMPILER_APPICON_NAME = AppIcon;
				ASSETCATALOG_COMPILER_GLOBAL_ACCENT_COLOR_NAME = AccentColor;
				CODE_SIGN_STYLE = Automatic;
				CURRENT_PROJECT_VERSION = 1;
				DEVELOPMENT_TEAM = 4297RVB2QJ;
				ENABLE_PREVIEWS = YES;
				GENERATE_INFOPLIST_FILE = YES;
				INFOPLIST_KEY_NSPhotoLibraryAddUsageDescription = "写真を追加するめにアクセスを許可してください。";
				INFOPLIST_KEY_UIApplicationSceneManifest_Generation = YES;
				INFOPLIST_KEY_UIApplicationSupportsIndirectInputEvents = YES;
				INFOPLIST_KEY_UILaunchScreen_Generation = YES;
				INFOPLIST_KEY_UISupportedInterfaceOrientations_iPad = "UIInterfaceOrientationPortrait UIInterfaceOrientationPortraitUpsideDown UIInterfaceOrientationLandscapeLeft UIInterfaceOrientationLandscapeRight";
				INFOPLIST_KEY_UISupportedInterfaceOrientations_iPhone = "UIInterfaceOrientationPortrait UIInterfaceOrientationLandscapeLeft UIInterfaceOrientationLandscapeRight";
				IPHONEOS_DEPLOYMENT_TARGET = 26.0;
				LD_RUNPATH_SEARCH_PATHS = (
					"$(inherited)",
					"@executable_path/Frameworks",
				);
				MARKETING_VERSION = 1.0;
				PRODUCT_BUNDLE_IDENTIFIER = com.okunoyuta.MusicInfoGetter;
				PRODUCT_NAME = "$(TARGET_NAME)";
				SWIFT_EMIT_LOC_STRINGS = YES;
				SWIFT_VERSION = 5.0;
				TARGETED_DEVICE_FAMILY = "1,2";
			};
			name = Debug;
		};
		D433F2DA2E17C75600BFB057 /* Release */ = {
			isa = XCBuildConfiguration;
			buildSettings = {
				ASSETCATALOG_COMPILER_APPICON_NAME = AppIcon;
				ASSETCATALOG_COMPILER_GLOBAL_ACCENT_COLOR_NAME = AccentColor;
				CODE_SIGN_STYLE = Automatic;
				CURRENT_PROJECT_VERSION = 1;
				DEVELOPMENT_TEAM = 4297RVB2QJ;
				ENABLE_PREVIEWS = YES;
				GENERATE_INFOPLIST_FILE = YES;
				INFOPLIST_KEY_NSPhotoLibraryAddUsageDescription = "写真を追加するめにアクセスを許可してください。";
				INFOPLIST_KEY_UIApplicationSceneManifest_Generation = YES;
				INFOPLIST_KEY_UIApplicationSupportsIndirectInputEvents = YES;
				INFOPLIST_KEY_UILaunchScreen_Generation = YES;
				INFOPLIST_KEY_UISupportedInterfaceOrientations_iPad = "UIInterfaceOrientationPortrait UIInterfaceOrientationPortraitUpsideDown UIInterfaceOrientationLandscapeLeft UIInterfaceOrientationLandscapeRight";
				INFOPLIST_KEY_UISupportedInterfaceOrientations_iPhone = "UIInterfaceOrientationPortrait UIInterfaceOrientationLandscapeLeft UIInterfaceOrientationLandscapeRight";
				IPHONEOS_DEPLOYMENT_TARGET = 26.0;
				LD_RUNPATH_SEARCH_PATHS = (
					"$(inherited)",
					"@executable_path/Frameworks",
				);
				MARKETING_VERSION = 1.0;
				PRODUCT_BUNDLE_IDENTIFIER = com.okunoyuta.MusicInfoGetter;
				PRODUCT_NAME = "$(TARGET_NAME)";
				SWIFT_EMIT_LOC_STRINGS = YES;
				SWIFT_VERSION = 5.0;
				TARGETED_DEVICE_FAMILY = "1,2";
			};
			name = Release;
		};
		D433F2DC2E17C75600BFB057 /* Debug */ = {
			isa = XCBuildConfiguration;
			buildSettings = {
				BUNDLE_LOADER = "$(TEST_HOST)";
				CODE_SIGN_STYLE = Automatic;
				CURRENT_PROJECT_VERSION = 1;
				DEVELOPMENT_TEAM = 4297RVB2QJ;
				GENERATE_INFOPLIST_FILE = YES;
				IPHONEOS_DEPLOYMENT_TARGET = 18.5;
				MARKETING_VERSION = 1.0;
				PRODUCT_BUNDLE_IDENTIFIER = "com.okunoyuta.newMusicShare3-0Tests";
				PRODUCT_NAME = "$(TARGET_NAME)";
				SWIFT_EMIT_LOC_STRINGS = NO;
				SWIFT_VERSION = 5.0;
				TARGETED_DEVICE_FAMILY = "1,2";
				TEST_HOST = "$(BUILT_PRODUCTS_DIR)/Music Info Getter.app/$(BUNDLE_EXECUTABLE_FOLDER_PATH)/Music Info Getter";
			};
			name = Debug;
		};
		D433F2DD2E17C75600BFB057 /* Release */ = {
			isa = XCBuildConfiguration;
			buildSettings = {
				BUNDLE_LOADER = "$(TEST_HOST)";
				CODE_SIGN_STYLE = Automatic;
				CURRENT_PROJECT_VERSION = 1;
				DEVELOPMENT_TEAM = 4297RVB2QJ;
				GENERATE_INFOPLIST_FILE = YES;
				IPHONEOS_DEPLOYMENT_TARGET = 18.5;
				MARKETING_VERSION = 1.0;
				PRODUCT_BUNDLE_IDENTIFIER = "com.okunoyuta.newMusicShare3-0Tests";
				PRODUCT_NAME = "$(TARGET_NAME)";
				SWIFT_EMIT_LOC_STRINGS = NO;
				SWIFT_VERSION = 5.0;
				TARGETED_DEVICE_FAMILY = "1,2";
				TEST_HOST = "$(BUILT_PRODUCTS_DIR)/Music Info Getter.app/$(BUNDLE_EXECUTABLE_FOLDER_PATH)/Music Info Getter";
			};
			name = Release;
		};
		D433F2DF2E17C75600BFB057 /* Debug */ = {
			isa = XCBuildConfiguration;
			buildSettings = {
				CODE_SIGN_STYLE = Automatic;
				CURRENT_PROJECT_VERSION = 1;
				DEVELOPMENT_TEAM = 4297RVB2QJ;
				GENERATE_INFOPLIST_FILE = YES;
				MARKETING_VERSION = 1.0;
				PRODUCT_BUNDLE_IDENTIFIER = "com.okunoyuta.newMusicShare3-0UITests";
				PRODUCT_NAME = "$(TARGET_NAME)";
				SWIFT_EMIT_LOC_STRINGS = NO;
				SWIFT_VERSION = 5.0;
				TARGETED_DEVICE_FAMILY = "1,2";
				TEST_TARGET_NAME = newMusicShare3.0;
			};
			name = Debug;
		};
		D433F2E02E17C75600BFB057 /* Release */ = {
			isa = XCBuildConfiguration;
			buildSettings = {
				CODE_SIGN_STYLE = Automatic;
				CURRENT_PROJECT_VERSION = 1;
				DEVELOPMENT_TEAM = 4297RVB2QJ;
				GENERATE_INFOPLIST_FILE = YES;
				MARKETING_VERSION = 1.0;
				PRODUCT_BUNDLE_IDENTIFIER = "com.okunoyuta.newMusicShare3-0UITests";
				PRODUCT_NAME = "$(TARGET_NAME)";
				SWIFT_EMIT_LOC_STRINGS = NO;
				SWIFT_VERSION = 5.0;
				TARGETED_DEVICE_FAMILY = "1,2";
				TEST_TARGET_NAME = newMusicShare3.0;
			};
			name = Release;
		};
/* End XCBuildConfiguration section */

/* Begin XCConfigurationList section */
		D433F2B22E17C75300BFB057 /* Build configuration list for PBXProject "Music Info Getter" */ = {
			isa = XCConfigurationList;
			buildConfigurations = (
				D433F2D62E17C75600BFB057 /* Debug */,
				D433F2D72E17C75600BFB057 /* Release */,
			);
			defaultConfigurationIsVisible = 0;
			defaultConfigurationName = Release;
		};
		D433F2D82E17C75600BFB057 /* Build configuration list for PBXNativeTarget "Music Info Getter" */ = {
			isa = XCConfigurationList;
			buildConfigurations = (
				D433F2D92E17C75600BFB057 /* Debug */,
				D433F2DA2E17C75600BFB057 /* Release */,
			);
			defaultConfigurationIsVisible = 0;
			defaultConfigurationName = Release;
		};
		D433F2DB2E17C75600BFB057 /* Build configuration list for PBXNativeTarget "Music Info GetterTests" */ = {
			isa = XCConfigurationList;
			buildConfigurations = (
				D433F2DC2E17C75600BFB057 /* Debug */,
				D433F2DD2E17C75600BFB057 /* Release */,
			);
			defaultConfigurationIsVisible = 0;
			defaultConfigurationName = Release;
		};
		D433F2DE2E17C75600BFB057 /* Build configuration list for PBXNativeTarget "Music Info GetterUITests" */ = {
			isa = XCConfigurationList;
			buildConfigurations = (
				D433F2DF2E17C75600BFB057 /* Debug */,
				D433F2E02E17C75600BFB057 /* Release */,
			);
			defaultConfigurationIsVisible = 0;
			defaultConfigurationName = Release;
		};
/* End XCConfigurationList section */
	};
	rootObject = D433F2AF2E17C75300BFB057 /* Project object */;
}
